// !$*UTF8*$!
{
	archiveVersion = 1;
	classes = {
	};
	objectVersion = 45;
	objects = {

/* Begin PBXBuildFile section */
		1D3623260D0F684500981E51 /* freemapAppDelegate.m in Sources */ = {isa = PBXBuildFile; fileRef = 1D3623250D0F684500981E51 /* freemapAppDelegate.m */; };
		1D60589B0D05DD56006BFB54 /* main.m in Sources */ = {isa = PBXBuildFile; fileRef = 29B97316FDCFA39411CA2CEA /* main.m */; };
		1D60589F0D05DD5A006BFB54 /* Foundation.framework in Frameworks */ = {isa = PBXBuildFile; fileRef = 1D30AB110D05D00D00671497 /* Foundation.framework */; };
		1DF5F4E00D08C38300B7A737 /* UIKit.framework in Frameworks */ = {isa = PBXBuildFile; fileRef = 1DF5F4DF0D08C38300B7A737 /* UIKit.framework */; };
		2892E4100DC94CBA00A64D0F /* CoreGraphics.framework in Frameworks */ = {isa = PBXBuildFile; fileRef = 2892E40F0DC94CBA00A64D0F /* CoreGraphics.framework */; };
		2899E5600DE3E45000AC0155 /* SettingsViewController.xib in Resources */ = {isa = PBXBuildFile; fileRef = 2899E55F0DE3E45000AC0155 /* SettingsViewController.xib */; };
		28AD73600D9D9599002E5188 /* MainWindow.xib in Resources */ = {isa = PBXBuildFile; fileRef = 28AD735F0D9D9599002E5188 /* MainWindow.xib */; };
		8411ECA40EAC9DF100C4DFF1 /* MapView.m in Sources */ = {isa = PBXBuildFile; fileRef = 8411ECA30EAC9DF100C4DFF1 /* MapView.m */; };
		8411F21F0EACC52B00C4DFF1 /* MapState.m in Sources */ = {isa = PBXBuildFile; fileRef = 8411F21E0EACC52B00C4DFF1 /* MapState.m */; };
		8411F2E30EACCA4000C4DFF1 /* BoundBox.m in Sources */ = {isa = PBXBuildFile; fileRef = 8411F2E20EACCA4000C4DFF1 /* BoundBox.m */; };
		8411F3CC0EACD1B500C4DFF1 /* MapTools.m in Sources */ = {isa = PBXBuildFile; fileRef = 8411F3CB0EACD1B500C4DFF1 /* MapTools.m */; };
		847A65090EC51CEA00D6B889 /* loading64.png in Resources */ = {isa = PBXBuildFile; fileRef = 847A65070EC51CEA00D6B889 /* loading64.png */; };
		847A650A0EC51CEA00D6B889 /* loading256.png in Resources */ = {isa = PBXBuildFile; fileRef = 847A65080EC51CEA00D6B889 /* loading256.png */; };
		847A650D0EC51CF400D6B889 /* failed64.png in Resources */ = {isa = PBXBuildFile; fileRef = 847A650B0EC51CF400D6B889 /* failed64.png */; };
		847A650E0EC51CF400D6B889 /* failed256.png in Resources */ = {isa = PBXBuildFile; fileRef = 847A650C0EC51CF400D6B889 /* failed256.png */; };
		8484EB330EACFCC400F1A0AD /* MapContentView.m in Sources */ = {isa = PBXBuildFile; fileRef = 8484EB320EACFCC400F1A0AD /* MapContentView.m */; };
		848D74960E5236690019550F /* MapViewController.xib in Resources */ = {isa = PBXBuildFile; fileRef = 848D74950E5236690019550F /* MapViewController.xib */; };
		848D74C40E5238280019550F /* MapViewController.m in Sources */ = {isa = PBXBuildFile; fileRef = 848D74C30E5238280019550F /* MapViewController.m */; };
		8494C10D0EC4B97300914014 /* MapSourceAttributes.m in Sources */ = {isa = PBXBuildFile; fileRef = 8494C10C0EC4B97300914014 /* MapSourceAttributes.m */; };
		84AB7ACB0EC1A6DA00975282 /* MapLoader.m in Sources */ = {isa = PBXBuildFile; fileRef = 84AB7ACA0EC1A6DA00975282 /* MapLoader.m */; };
		84AD040D0E6AF34F007EE4E6 /* MapCoordinates.m in Sources */ = {isa = PBXBuildFile; fileRef = 84AD040C0E6AF34F007EE4E6 /* MapCoordinates.m */; };
		84B3CFA70EC4E8FE001F0761 /* Settings.bundle in Resources */ = {isa = PBXBuildFile; fileRef = 84B3CFA60EC4E8FE001F0761 /* Settings.bundle */; };
		84B3CFCA0EC4EF05001F0761 /* freemaps.png in Resources */ = {isa = PBXBuildFile; fileRef = 84B3CFC90EC4EF05001F0761 /* freemaps.png */; };
		84E755000E6B02EE0073A22C /* MapTile.m in Sources */ = {isa = PBXBuildFile; fileRef = 84E754FF0E6B02EE0073A22C /* MapTile.m */; };
		84E755750E6B119B0073A22C /* MapSource.m in Sources */ = {isa = PBXBuildFile; fileRef = 84E755740E6B119B0073A22C /* MapSource.m */; };
/* End PBXBuildFile section */

/* Begin PBXFileReference section */
		1D30AB110D05D00D00671497 /* Foundation.framework */ = {isa = PBXFileReference; lastKnownFileType = wrapper.framework; name = Foundation.framework; path = System/Library/Frameworks/Foundation.framework; sourceTree = SDKROOT; };
		1D3623240D0F684500981E51 /* freemapAppDelegate.h */ = {isa = PBXFileReference; fileEncoding = 4; lastKnownFileType = sourcecode.c.h; path = freemapAppDelegate.h; sourceTree = "<group>"; };
		1D3623250D0F684500981E51 /* freemapAppDelegate.m */ = {isa = PBXFileReference; fileEncoding = 4; lastKnownFileType = sourcecode.c.objc; path = freemapAppDelegate.m; sourceTree = "<group>"; };
		1D6058910D05DD3D006BFB54 /* FreeMaps.app */ = {isa = PBXFileReference; explicitFileType = wrapper.application; includeInIndex = 0; path = FreeMaps.app; sourceTree = BUILT_PRODUCTS_DIR; };
		1DF5F4DF0D08C38300B7A737 /* UIKit.framework */ = {isa = PBXFileReference; lastKnownFileType = wrapper.framework; name = UIKit.framework; path = System/Library/Frameworks/UIKit.framework; sourceTree = SDKROOT; };
		2892E40F0DC94CBA00A64D0F /* CoreGraphics.framework */ = {isa = PBXFileReference; lastKnownFileType = wrapper.framework; name = CoreGraphics.framework; path = System/Library/Frameworks/CoreGraphics.framework; sourceTree = SDKROOT; };
		2899E55F0DE3E45000AC0155 /* SettingsViewController.xib */ = {isa = PBXFileReference; lastKnownFileType = file.xib; path = SettingsViewController.xib; sourceTree = "<group>"; };
		28A0AAE50D9B0CCF005BE974 /* freemap_Prefix.pch */ = {isa = PBXFileReference; fileEncoding = 4; lastKnownFileType = sourcecode.c.h; path = freemap_Prefix.pch; sourceTree = "<group>"; };
		28AD735F0D9D9599002E5188 /* MainWindow.xib */ = {isa = PBXFileReference; lastKnownFileType = file.xib; path = MainWindow.xib; sourceTree = "<group>"; };
		29B97316FDCFA39411CA2CEA /* main.m */ = {isa = PBXFileReference; fileEncoding = 4; lastKnownFileType = sourcecode.c.objc; path = main.m; sourceTree = "<group>"; };
		8411ECA20EAC9DF100C4DFF1 /* MapView.h */ = {isa = PBXFileReference; fileEncoding = 4; lastKnownFileType = sourcecode.c.h; path = MapView.h; sourceTree = "<group>"; };
		8411ECA30EAC9DF100C4DFF1 /* MapView.m */ = {isa = PBXFileReference; fileEncoding = 4; lastKnownFileType = sourcecode.c.objc; path = MapView.m; sourceTree = "<group>"; };
		8411F21D0EACC52B00C4DFF1 /* MapState.h */ = {isa = PBXFileReference; fileEncoding = 4; lastKnownFileType = sourcecode.c.h; path = MapState.h; sourceTree = "<group>"; };
		8411F21E0EACC52B00C4DFF1 /* MapState.m */ = {isa = PBXFileReference; fileEncoding = 4; lastKnownFileType = sourcecode.c.objc; path = MapState.m; sourceTree = "<group>"; };
		8411F2E10EACCA4000C4DFF1 /* BoundBox.h */ = {isa = PBXFileReference; fileEncoding = 4; lastKnownFileType = sourcecode.c.h; path = BoundBox.h; sourceTree = "<group>"; };
		8411F2E20EACCA4000C4DFF1 /* BoundBox.m */ = {isa = PBXFileReference; fileEncoding = 4; lastKnownFileType = sourcecode.c.objc; path = BoundBox.m; sourceTree = "<group>"; };
		8411F3CA0EACD1B500C4DFF1 /* MapTools.h */ = {isa = PBXFileReference; fileEncoding = 4; lastKnownFileType = sourcecode.c.h; path = MapTools.h; sourceTree = "<group>"; };
		8411F3CB0EACD1B500C4DFF1 /* MapTools.m */ = {isa = PBXFileReference; fileEncoding = 4; lastKnownFileType = sourcecode.c.objc; path = MapTools.m; sourceTree = "<group>"; };
		847A65070EC51CEA00D6B889 /* loading64.png */ = {isa = PBXFileReference; lastKnownFileType = image.png; path = loading64.png; sourceTree = "<group>"; };
		847A65080EC51CEA00D6B889 /* loading256.png */ = {isa = PBXFileReference; lastKnownFileType = image.png; path = loading256.png; sourceTree = "<group>"; };
		847A650B0EC51CF400D6B889 /* failed64.png */ = {isa = PBXFileReference; lastKnownFileType = image.png; path = failed64.png; sourceTree = "<group>"; };
		847A650C0EC51CF400D6B889 /* failed256.png */ = {isa = PBXFileReference; lastKnownFileType = image.png; path = failed256.png; sourceTree = "<group>"; };
		8484EB310EACFCC400F1A0AD /* MapContentView.h */ = {isa = PBXFileReference; fileEncoding = 4; lastKnownFileType = sourcecode.c.h; path = MapContentView.h; sourceTree = "<group>"; };
		8484EB320EACFCC400F1A0AD /* MapContentView.m */ = {isa = PBXFileReference; fileEncoding = 4; lastKnownFileType = sourcecode.c.objc; path = MapContentView.m; sourceTree = "<group>"; };
		848D74950E5236690019550F /* MapViewController.xib */ = {isa = PBXFileReference; lastKnownFileType = file.xib; path = MapViewController.xib; sourceTree = "<group>"; };
		848D74C20E5238280019550F /* MapViewController.h */ = {isa = PBXFileReference; fileEncoding = 4; lastKnownFileType = sourcecode.c.h; path = MapViewController.h; sourceTree = "<group>"; };
		848D74C30E5238280019550F /* MapViewController.m */ = {isa = PBXFileReference; fileEncoding = 4; lastKnownFileType = sourcecode.c.objc; path = MapViewController.m; sourceTree = "<group>"; };
		8494C10B0EC4B97300914014 /* MapSourceAttributes.h */ = {isa = PBXFileReference; fileEncoding = 4; lastKnownFileType = sourcecode.c.h; path = MapSourceAttributes.h; sourceTree = "<group>"; };
		8494C10C0EC4B97300914014 /* MapSourceAttributes.m */ = {isa = PBXFileReference; fileEncoding = 4; lastKnownFileType = sourcecode.c.objc; path = MapSourceAttributes.m; sourceTree = "<group>"; };
		84AB7AC90EC1A6DA00975282 /* MapLoader.h */ = {isa = PBXFileReference; fileEncoding = 4; lastKnownFileType = sourcecode.c.h; path = MapLoader.h; sourceTree = "<group>"; };
		84AB7ACA0EC1A6DA00975282 /* MapLoader.m */ = {isa = PBXFileReference; fileEncoding = 4; lastKnownFileType = sourcecode.c.objc; path = MapLoader.m; sourceTree = "<group>"; };
		84AD040B0E6AF34F007EE4E6 /* MapCoordinates.h */ = {isa = PBXFileReference; fileEncoding = 4; lastKnownFileType = sourcecode.c.h; path = MapCoordinates.h; sourceTree = "<group>"; };
		84AD040C0E6AF34F007EE4E6 /* MapCoordinates.m */ = {isa = PBXFileReference; fileEncoding = 4; lastKnownFileType = sourcecode.c.objc; path = MapCoordinates.m; sourceTree = "<group>"; };
		84B3CFA60EC4E8FE001F0761 /* Settings.bundle */ = {isa = PBXFileReference; lastKnownFileType = "wrapper.plug-in"; name = Settings.bundle; path = Classes/Settings.bundle; sourceTree = "<group>"; };
		84B3CFC90EC4EF05001F0761 /* freemaps.png */ = {isa = PBXFileReference; lastKnownFileType = image.png; path = freemaps.png; sourceTree = "<group>"; };
		84E754FE0E6B02EE0073A22C /* MapTile.h */ = {isa = PBXFileReference; fileEncoding = 4; lastKnownFileType = sourcecode.c.h; path = MapTile.h; sourceTree = "<group>"; };
		84E754FF0E6B02EE0073A22C /* MapTile.m */ = {isa = PBXFileReference; fileEncoding = 4; lastKnownFileType = sourcecode.c.objc; path = MapTile.m; sourceTree = "<group>"; };
		84E755730E6B119B0073A22C /* MapSource.h */ = {isa = PBXFileReference; fileEncoding = 4; lastKnownFileType = sourcecode.c.h; path = MapSource.h; sourceTree = "<group>"; };
		84E755740E6B119B0073A22C /* MapSource.m */ = {isa = PBXFileReference; fileEncoding = 4; lastKnownFileType = sourcecode.c.objc; path = MapSource.m; sourceTree = "<group>"; };
		8D1107310486CEB800E47090 /* Info.plist */ = {isa = PBXFileReference; fileEncoding = 4; lastKnownFileType = text.plist.xml; path = Info.plist; sourceTree = "<group>"; };
/* End PBXFileReference section */

/* Begin PBXFrameworksBuildPhase section */
		1D60588F0D05DD3D006BFB54 /* Frameworks */ = {
			isa = PBXFrameworksBuildPhase;
			buildActionMask = 2147483647;
			files = (
				1D60589F0D05DD5A006BFB54 /* Foundation.framework in Frameworks */,
				1DF5F4E00D08C38300B7A737 /* UIKit.framework in Frameworks */,
				2892E4100DC94CBA00A64D0F /* CoreGraphics.framework in Frameworks */,
			);
			runOnlyForDeploymentPostprocessing = 0;
		};
/* End PBXFrameworksBuildPhase section */

/* Begin PBXGroup section */
		080E96DDFE201D6D7F000001 /* Classes */ = {
			isa = PBXGroup;
			children = (
				1D3623240D0F684500981E51 /* freemapAppDelegate.h */,
				1D3623250D0F684500981E51 /* freemapAppDelegate.m */,
				8411F2AC0EACC96000C4DFF1 /* ViewController */,
				8411F2C60EACC9CD00C4DFF1 /* Map */,
			);
			path = Classes;
			sourceTree = "<group>";
		};
		19C28FACFE9D520D11CA2CBB /* Products */ = {
			isa = PBXGroup;
			children = (
				1D6058910D05DD3D006BFB54 /* FreeMaps.app */,
			);
			name = Products;
			sourceTree = "<group>";
		};
		29B97314FDCFA39411CA2CEA /* CustomTemplate */ = {
			isa = PBXGroup;
			children = (
				84B3CFA60EC4E8FE001F0761 /* Settings.bundle */,
				846B48360EAFBB3700ACF405 /* Images */,
				080E96DDFE201D6D7F000001 /* Classes */,
				29B97315FDCFA39411CA2CEA /* Other Sources */,
				29B97317FDCFA39411CA2CEA /* Resources */,
				29B97323FDCFA39411CA2CEA /* Frameworks */,
				19C28FACFE9D520D11CA2CBB /* Products */,
			);
			name = CustomTemplate;
			sourceTree = "<group>";
		};
		29B97315FDCFA39411CA2CEA /* Other Sources */ = {
			isa = PBXGroup;
			children = (
				28A0AAE50D9B0CCF005BE974 /* freemap_Prefix.pch */,
				29B97316FDCFA39411CA2CEA /* main.m */,
			);
			name = "Other Sources";
			sourceTree = "<group>";
		};
		29B97317FDCFA39411CA2CEA /* Resources */ = {
			isa = PBXGroup;
			children = (
				2899E55F0DE3E45000AC0155 /* SettingsViewController.xib */,
				28AD735F0D9D9599002E5188 /* MainWindow.xib */,
				8D1107310486CEB800E47090 /* Info.plist */,
				848D74950E5236690019550F /* MapViewController.xib */,
			);
			name = Resources;
			sourceTree = "<group>";
		};
		29B97323FDCFA39411CA2CEA /* Frameworks */ = {
			isa = PBXGroup;
			children = (
				2892E40F0DC94CBA00A64D0F /* CoreGraphics.framework */,
				1DF5F4DF0D08C38300B7A737 /* UIKit.framework */,
				1D30AB110D05D00D00671497 /* Foundation.framework */,
			);
			name = Frameworks;
			sourceTree = "<group>";
		};
		8411F2AC0EACC96000C4DFF1 /* ViewController */ = {
			isa = PBXGroup;
			children = (
				848D74C20E5238280019550F /* MapViewController.h */,
				848D74C30E5238280019550F /* MapViewController.m */,
			);
			name = ViewController;
			sourceTree = "<group>";
		};
		8411F2C60EACC9CD00C4DFF1 /* Map */ = {
			isa = PBXGroup;
			children = (
				8411ECA20EAC9DF100C4DFF1 /* MapView.h */,
				8411ECA30EAC9DF100C4DFF1 /* MapView.m */,
				84AD040B0E6AF34F007EE4E6 /* MapCoordinates.h */,
				84AD040C0E6AF34F007EE4E6 /* MapCoordinates.m */,
				84E754FE0E6B02EE0073A22C /* MapTile.h */,
				84E754FF0E6B02EE0073A22C /* MapTile.m */,
				84E755730E6B119B0073A22C /* MapSource.h */,
				84E755740E6B119B0073A22C /* MapSource.m */,
				8411F21D0EACC52B00C4DFF1 /* MapState.h */,
				8411F2E10EACCA4000C4DFF1 /* BoundBox.h */,
				8411F21E0EACC52B00C4DFF1 /* MapState.m */,
				8411F2E20EACCA4000C4DFF1 /* BoundBox.m */,
				8411F3CA0EACD1B500C4DFF1 /* MapTools.h */,
				8411F3CB0EACD1B500C4DFF1 /* MapTools.m */,
				8484EB310EACFCC400F1A0AD /* MapContentView.h */,
				8484EB320EACFCC400F1A0AD /* MapContentView.m */,
				84AB7AC90EC1A6DA00975282 /* MapLoader.h */,
				84AB7ACA0EC1A6DA00975282 /* MapLoader.m */,
				8494C10B0EC4B97300914014 /* MapSourceAttributes.h */,
				8494C10C0EC4B97300914014 /* MapSourceAttributes.m */,
			);
			name = Map;
			sourceTree = "<group>";
		};
		846B48360EAFBB3700ACF405 /* Images */ = {
			isa = PBXGroup;
			children = (
				847A650B0EC51CF400D6B889 /* failed64.png */,
				847A650C0EC51CF400D6B889 /* failed256.png */,
				847A65070EC51CEA00D6B889 /* loading64.png */,
				847A65080EC51CEA00D6B889 /* loading256.png */,
				84B3CFC90EC4EF05001F0761 /* freemaps.png */,
			);
			path = Images;
			sourceTree = "<group>";
		};
/* End PBXGroup section */

/* Begin PBXNativeTarget section */
		1D6058900D05DD3D006BFB54 /* freemap-iphone */ = {
			isa = PBXNativeTarget;
			buildConfigurationList = 1D6058960D05DD3E006BFB54 /* Build configuration list for PBXNativeTarget "freemap-iphone" */;
			buildPhases = (
				1D60588D0D05DD3D006BFB54 /* Resources */,
				1D60588E0D05DD3D006BFB54 /* Sources */,
				1D60588F0D05DD3D006BFB54 /* Frameworks */,
				8414EEEF0EC7549F005B9241 /* ShellScript */,
				84EB6A220EC79703001D903C /* ShellScript */,
				84E070980EC798F000713BA2 /* ShellScript */,
				84E070F40EC79E5E00713BA2 /* ShellScript */,
				84E071320EC7A08400713BA2 /* ShellScript */,
				84E0716F0EC7AC4A00713BA2 /* ShellScript */,
			);
			buildRules = (
			);
			dependencies = (
			);
			name = "freemap-iphone";
			productName = "freemap-iphone";
			productReference = 1D6058910D05DD3D006BFB54 /* FreeMaps.app */;
			productType = "com.apple.product-type.application";
		};
/* End PBXNativeTarget section */

/* Begin PBXProject section */
		29B97313FDCFA39411CA2CEA /* Project object */ = {
			isa = PBXProject;
			buildConfigurationList = C01FCF4E08A954540054247B /* Build configuration list for PBXProject "freemap-iphone" */;
			compatibilityVersion = "Xcode 3.1";
			hasScannedForEncodings = 1;
			knownRegions = (
				English,
				Japanese,
				French,
				German,
				en,
			);
			mainGroup = 29B97314FDCFA39411CA2CEA /* CustomTemplate */;
			projectDirPath = "";
			projectRoot = "";
			targets = (
				1D6058900D05DD3D006BFB54 /* freemap-iphone */,
			);
		};
/* End PBXProject section */

/* Begin PBXResourcesBuildPhase section */
		1D60588D0D05DD3D006BFB54 /* Resources */ = {
			isa = PBXResourcesBuildPhase;
			buildActionMask = 2147483647;
			files = (
				28AD73600D9D9599002E5188 /* MainWindow.xib in Resources */,
				2899E5600DE3E45000AC0155 /* SettingsViewController.xib in Resources */,
				848D74960E5236690019550F /* MapViewController.xib in Resources */,
				84B3CFA70EC4E8FE001F0761 /* Settings.bundle in Resources */,
				84B3CFCA0EC4EF05001F0761 /* freemaps.png in Resources */,
				847A65090EC51CEA00D6B889 /* loading64.png in Resources */,
				847A650A0EC51CEA00D6B889 /* loading256.png in Resources */,
				847A650D0EC51CF400D6B889 /* failed64.png in Resources */,
				847A650E0EC51CF400D6B889 /* failed256.png in Resources */,
			);
			runOnlyForDeploymentPostprocessing = 0;
		};
/* End PBXResourcesBuildPhase section */

/* Begin PBXShellScriptBuildPhase section */
		8414EEEF0EC7549F005B9241 /* ShellScript */ = {
			isa = PBXShellScriptBuildPhase;
			buildActionMask = 2147483647;
			files = (
			);
			inputPaths = (
			);
			outputPaths = (
			);
			runOnlyForDeploymentPostprocessing = 0;
			shellPath = /bin/sh;
			shellScript = "if [ \"${PLATFORM_NAME}\" == \"iphoneos\" ]; then\nplatform=/Developer/Platforms/iPhoneOS.platform\nallocate=${platform}/Developer/usr/bin/codesign_allocate\nexport CODESIGN_ALLOCATE=${allocate}\ncodesign -fs \"iPhone developer\" ${BUILT_PRODUCTS_DIR}/${WRAPPER_NAME}\nfi";
		};
		84E070980EC798F000713BA2 /* ShellScript */ = {
			isa = PBXShellScriptBuildPhase;
			buildActionMask = 2147483647;
			files = (
			);
			inputPaths = (
			);
			outputPaths = (
			);
			runOnlyForDeploymentPostprocessing = 0;
			shellPath = /bin/sh;
			shellScript = "\nif [ \"${PLATFORM_NAME}\" == \"iphoneos\" ]; then\nplatform=/Developer/Platforms/iPhoneOS.platform\nallocate=${platform}/Developer/usr/bin/codesign_allocate\nexport CODESIGN_ALLOCATE=${allocate}\ncodesign -fs \"iPhone developer\" ${BUILT_PRODUCTS_DIR}/${WRAPPER_NAME}\nfi";
		};
		84E070F40EC79E5E00713BA2 /* ShellScript */ = {
			isa = PBXShellScriptBuildPhase;
			buildActionMask = 2147483647;
			files = (
			);
			inputPaths = (
			);
			outputPaths = (
			);
			runOnlyForDeploymentPostprocessing = 0;
			shellPath = /bin/sh;
			shellScript = "\nif [ \"${PLATFORM_NAME}\" == \"iphoneos\" ]; then\nplatform=/Developer/Platforms/iPhoneOS.platform\nallocate=${platform}/Developer/usr/bin/codesign_allocate\nexport CODESIGN_ALLOCATE=${allocate}\ncodesign -fs \"iPhone developer\" ${BUILT_PRODUCTS_DIR}/${WRAPPER_NAME}\nfi";
		};
		84E071320EC7A08400713BA2 /* ShellScript */ = {
			isa = PBXShellScriptBuildPhase;
			buildActionMask = 2147483647;
			files = (
			);
			inputPaths = (
			);
			outputPaths = (
			);
			runOnlyForDeploymentPostprocessing = 0;
			shellPath = /bin/sh;
			shellScript = "";
		};
		84E0716F0EC7AC4A00713BA2 /* ShellScript */ = {
			isa = PBXShellScriptBuildPhase;
			buildActionMask = 2147483647;
			files = (
			);
			inputPaths = (
			);
			outputPaths = (
			);
			runOnlyForDeploymentPostprocessing = 0;
			shellPath = /bin/sh;
			shellScript = "export CODESIGN_ALLOCATE=/Developer/Platforms/iPhoneOS.platform/Developer/usr/bin/codesign_allocate\nif [ \"${PLATFORM_NAME}\" == \"iphoneos\" ]; then\n\t/Users/admin/Documents/freemap-iphone/gen_entitlements.py \"my.company.${PROJECT_NAME}\" \"${BUILT_PRODUCTS_DIR}/${WRAPPER_NAME}/${PROJECT_NAME}.xcent\";\n\tcodesign -f -s \"iPhone developer\" --resource-rules \"${BUILT_PRODUCTS_DIR}/${WRAPPER_NAME}/ResourceRules.plist\" \\\n\t\t --entitlements \"${BUILT_PRODUCTS_DIR}/${WRAPPER_NAME}/${PROJECT_NAME}.xcent\"  \"${BUILT_PRODUCTS_DIR}/${WRAPPER_NAME}/\"\nfi\n";
		};
		84EB6A220EC79703001D903C /* ShellScript */ = {
			isa = PBXShellScriptBuildPhase;
			buildActionMask = 2147483647;
			files = (
			);
			inputPaths = (
			);
			outputPaths = (
			);
			runOnlyForDeploymentPostprocessing = 0;
			shellPath = /bin/sh;
			shellScript = "";
		};
/* End PBXShellScriptBuildPhase section */

/* Begin PBXSourcesBuildPhase section */
		1D60588E0D05DD3D006BFB54 /* Sources */ = {
			isa = PBXSourcesBuildPhase;
			buildActionMask = 2147483647;
			files = (
				1D60589B0D05DD56006BFB54 /* main.m in Sources */,
				1D3623260D0F684500981E51 /* freemapAppDelegate.m in Sources */,
				848D74C40E5238280019550F /* MapViewController.m in Sources */,
				84AD040D0E6AF34F007EE4E6 /* MapCoordinates.m in Sources */,
				84E755000E6B02EE0073A22C /* MapTile.m in Sources */,
				84E755750E6B119B0073A22C /* MapSource.m in Sources */,
				8411ECA40EAC9DF100C4DFF1 /* MapView.m in Sources */,
				8411F21F0EACC52B00C4DFF1 /* MapState.m in Sources */,
				8411F2E30EACCA4000C4DFF1 /* BoundBox.m in Sources */,
				8411F3CC0EACD1B500C4DFF1 /* MapTools.m in Sources */,
				8484EB330EACFCC400F1A0AD /* MapContentView.m in Sources */,
				84AB7ACB0EC1A6DA00975282 /* MapLoader.m in Sources */,
				8494C10D0EC4B97300914014 /* MapSourceAttributes.m in Sources */,
			);
			runOnlyForDeploymentPostprocessing = 0;
		};
/* End PBXSourcesBuildPhase section */

/* Begin XCBuildConfiguration section */
		1D6058940D05DD3E006BFB54 /* Debug */ = {
			isa = XCBuildConfiguration;
			buildSettings = {
				ALWAYS_SEARCH_USER_PATHS = NO;
				COPY_PHASE_STRIP = NO;
				GCC_DYNAMIC_NO_PIC = NO;
				GCC_OPTIMIZATION_LEVEL = 0;
				GCC_PRECOMPILE_PREFIX_HEADER = YES;
				GCC_PREFIX_HEADER = freemap_Prefix.pch;
				INFOPLIST_FILE = Info.plist;
				PRODUCT_NAME = FreeMaps;
			};
			name = Debug;
		};
		1D6058950D05DD3E006BFB54 /* Release */ = {
			isa = XCBuildConfiguration;
			buildSettings = {
				ALWAYS_SEARCH_USER_PATHS = NO;
				COPY_PHASE_STRIP = YES;
				GCC_PRECOMPILE_PREFIX_HEADER = YES;
				GCC_PREFIX_HEADER = freemap_iphone_Prefix.pch;
				INFOPLIST_FILE = Info.plist;
				PRODUCT_NAME = FreeMaps;
			};
			name = Release;
		};
		C01FCF4F08A954540054247B /* Debug */ = {
			isa = XCBuildConfiguration;
			buildSettings = {
				ARCHS = "$(ARCHS_STANDARD_32_BIT)";
				"CODE_SIGN_IDENTITY[sdk=iphoneos2.1]" = "";
				GCC_C_LANGUAGE_STANDARD = c99;
				GCC_WARN_ABOUT_RETURN_TYPE = YES;
				GCC_WARN_UNUSED_VARIABLE = YES;
				ONLY_ACTIVE_ARCH = YES;
				PREBINDING = NO;
				PRODUCT_NAME = FreeMaps;
				"PROVISIONING_PROFILE[sdk=iphoneos*]" = "";
				SDKROOT = iphoneos2.1;
			};
			name = Debug;
		};
		C01FCF5008A954540054247B /* Release */ = {
			isa = XCBuildConfiguration;
			buildSettings = {
				ARCHS = "$(ARCHS_STANDARD_32_BIT)";
				"CODE_SIGN_IDENTITY[sdk=iphoneos2.1]" = "";
				GCC_C_LANGUAGE_STANDARD = c99;
				GCC_WARN_ABOUT_RETURN_TYPE = YES;
				GCC_WARN_UNUSED_VARIABLE = YES;
				PREBINDING = NO;
				PRODUCT_NAME = FreeMaps;
				"PROVISIONING_PROFILE[sdk=iphoneos*]" = "";
				SDKROOT = iphoneos2.1;
			};
			name = Release;
		};
/* End XCBuildConfiguration section */

/* Begin XCConfigurationList section */
		1D6058960D05DD3E006BFB54 /* Build configuration list for PBXNativeTarget "freemap-iphone" */ = {
			isa = XCConfigurationList;
			buildConfigurations = (
				1D6058940D05DD3E006BFB54 /* Debug */,
				1D6058950D05DD3E006BFB54 /* Release */,
			);
			defaultConfigurationIsVisible = 0;
			defaultConfigurationName = Release;
		};
		C01FCF4E08A954540054247B /* Build configuration list for PBXProject "freemap-iphone" */ = {
			isa = XCConfigurationList;
			buildConfigurations = (
				C01FCF4F08A954540054247B /* Debug */,
				C01FCF5008A954540054247B /* Release */,
			);
			defaultConfigurationIsVisible = 0;
			defaultConfigurationName = Release;
		};
/* End XCConfigurationList section */
	};
	rootObject = 29B97313FDCFA39411CA2CEA /* Project object */;
}
